# This file is automatically @generated by Cargo.
# It is not intended for manual editing.
version = 4

[[package]]
name = "corpus-gen"
version = "0.1.0"
dependencies = [
 "corpus-model",
]

[[package]]
name = "corpus-model"
version = "0.1.0"

[[package]]
name = "corpus-report"
version = "0.1.0"
dependencies = [
 "corpus-model",
 "corpus-run",
]

[[package]]
name = "corpus-run"
version = "0.1.0"
dependencies = [
 "corpus-model",
]

[[package]]
name = "rucc-corpus"
version = "0.1.0"
dependencies = [
 "corpus-gen",
 "corpus-model",
 "corpus-report",
 "corpus-run",
]
